Microsoft Visual Studio Solution File, Format Version 12.00
# Visual Studio 15
Project("{8BC9CEB8-8B4A-11D0-8D11-00A0C91BC942}") = "ALL_BUILD", "ALL_BUILD.vcxproj", "{66B70BE9-3FBD-3035-84CD-C52490E4C746}"
	ProjectSection(ProjectDependencies) = postProject
		{078CCF13-988F-367B-871B-50CFEC087583} = {078CCF13-988F-367B-871B-50CFEC087583}
		{64E8B696-B044-3D68-88ED-E24948285190} = {64E8B696-B044-3D68-88ED-E24948285190}
	EndProjectSection
EndProject
Project("{8BC9CEB8-8B4A-11D0-8D11-00A0C91BC942}") = "FesapiCpp", "src\FesapiCpp.vcxproj", "{078CCF13-988F-367B-871B-50CFEC087583}"
	ProjectSection(ProjectDependencies) = postProject
		{64E8B696-B044-3D68-88ED-E24948285190} = {64E8B696-B044-3D68-88ED-E24948285190}
	EndProjectSection
EndProject
Project("{8BC9CEB8-8B4A-11D0-8D11-00A0C91BC942}") = "INSTALL", "INSTALL.vcxproj", "{C3F4184A-0F06-3B4B-871D-BDD354E44252}"
	ProjectSection(ProjectDependencies) = postProject
		{66B70BE9-3FBD-3035-84CD-C52490E4C746} = {66B70BE9-3FBD-3035-84CD-C52490E4C746}
		{64E8B696-B044-3D68-88ED-E24948285190} = {64E8B696-B044-3D68-88ED-E24948285190}
	EndProjectSection
EndProject
Project("{8BC9CEB8-8B4A-11D0-8D11-00A0C91BC942}") = "ZERO_CHECK", "ZERO_CHECK.vcxproj", "{64E8B696-B044-3D68-88ED-E24948285190}"
	ProjectSection(ProjectDependencies) = postProject
	EndProjectSection
EndProject
Project("{8BC9CEB8-8B4A-11D0-8D11-00A0C91BC942}") = "doc", "doc\doc.vcxproj", "{4AE332D3-02E4-3FC1-AC86-87B1966B1A95}"
	ProjectSection(ProjectDependencies) = postProject
		{64E8B696-B044-3D68-88ED-E24948285190} = {64E8B696-B044-3D68-88ED-E24948285190}
	EndProjectSection
EndProject
Global
	GlobalSection(SolutionConfigurationPlatforms) = preSolution
		Release|x64 = Release|x64
		MinSizeRel|x64 = MinSizeRel|x64
		RelWithDebInfo|x64 = RelWithDebInfo|x64
		Debug|x64 = Debug|x64
	EndGlobalSection
	GlobalSection(ProjectConfigurationPlatforms) = postSolution
		{66B70BE9-3FBD-3035-84CD-C52490E4C746}.Release|x64.ActiveCfg = Release|x64
		{66B70BE9-3FBD-3035-84CD-C52490E4C746}.Release|x64.Build.0 = Release|x64
		{66B70BE9-3FBD-3035-84CD-C52490E4C746}.MinSizeRel|x64.ActiveCfg = MinSizeRel|x64
		{66B70BE9-3FBD-3035-84CD-C52490E4C746}.MinSizeRel|x64.Build.0 = MinSizeRel|x64
		{66B70BE9-3FBD-3035-84CD-C52490E4C746}.RelWithDebInfo|x64.ActiveCfg = RelWithDebInfo|x64
		{66B70BE9-3FBD-3035-84CD-C52490E4C746}.RelWithDebInfo|x64.Build.0 = RelWithDebInfo|x64
		{66B70BE9-3FBD-3035-84CD-C52490E4C746}.Debug|x64.ActiveCfg = Debug|x64
		{66B70BE9-3FBD-3035-84CD-C52490E4C746}.Debug|x64.Build.0 = Debug|x64
		{078CCF13-988F-367B-871B-50CFEC087583}.Release|x64.ActiveCfg = Release|x64
		{078CCF13-988F-367B-871B-50CFEC087583}.Release|x64.Build.0 = Release|x64
		{078CCF13-988F-367B-871B-50CFEC087583}.MinSizeRel|x64.ActiveCfg = MinSizeRel|x64
		{078CCF13-988F-367B-871B-50CFEC087583}.MinSizeRel|x64.Build.0 = MinSizeRel|x64
		{078CCF13-988F-367B-871B-50CFEC087583}.RelWithDebInfo|x64.ActiveCfg = RelWithDebInfo|x64
		{078CCF13-988F-367B-871B-50CFEC087583}.RelWithDebInfo|x64.Build.0 = RelWithDebInfo|x64
		{078CCF13-988F-367B-871B-50CFEC087583}.Debug|x64.ActiveCfg = Debug|x64
		{078CCF13-988F-367B-871B-50CFEC087583}.Debug|x64.Build.0 = Debug|x64
		{C3F4184A-0F06-3B4B-871D-BDD354E44252}.Release|x64.ActiveCfg = Release|x64
		{C3F4184A-0F06-3B4B-871D-BDD354E44252}.MinSizeRel|x64.ActiveCfg = MinSizeRel|x64
		{C3F4184A-0F06-3B4B-871D-BDD354E44252}.RelWithDebInfo|x64.ActiveCfg = RelWithDebInfo|x64
		{C3F4184A-0F06-3B4B-871D-BDD354E44252}.Debug|x64.ActiveCfg = Debug|x64
		{64E8B696-B044-3D68-88ED-E24948285190}.Release|x64.ActiveCfg = Release|x64
		{64E8B696-B044-3D68-88ED-E24948285190}.Release|x64.Build.0 = Release|x64
		{64E8B696-B044-3D68-88ED-E24948285190}.MinSizeRel|x64.ActiveCfg = MinSizeRel|x64
		{64E8B696-B044-3D68-88ED-E24948285190}.MinSizeRel|x64.Build.0 = MinSizeRel|x64
		{64E8B696-B044-3D68-88ED-E24948285190}.RelWithDebInfo|x64.ActiveCfg = RelWithDebInfo|x64
		{64E8B696-B044-3D68-88ED-E24948285190}.RelWithDebInfo|x64.Build.0 = RelWithDebInfo|x64
		{64E8B696-B044-3D68-88ED-E24948285190}.Debug|x64.ActiveCfg = Debug|x64
		{64E8B696-B044-3D68-88ED-E24948285190}.Debug|x64.Build.0 = Debug|x64
		{4AE332D3-02E4-3FC1-AC86-87B1966B1A95}.Release|x64.ActiveCfg = Release|x64
		{4AE332D3-02E4-3FC1-AC86-87B1966B1A95}.MinSizeRel|x64.ActiveCfg = MinSizeRel|x64
		{4AE332D3-02E4-3FC1-AC86-87B1966B1A95}.RelWithDebInfo|x64.ActiveCfg = RelWithDebInfo|x64
		{4AE332D3-02E4-3FC1-AC86-87B1966B1A95}.Debug|x64.ActiveCfg = Debug|x64
	EndGlobalSection
	GlobalSection(ExtensibilityGlobals) = postSolution
		SolutionGuid = {1F405F47-65B6-3F4C-9686-00B36092455F}
	EndGlobalSection
	GlobalSection(ExtensibilityAddIns) = postSolution
	EndGlobalSection
EndGlobal
