<?xml version="1.0" encoding="utf-8"?>
<Project ToolsVersion="15.0" xmlns="http://schemas.microsoft.com/developer/msbuild/2003">
  <ItemGroup>
    <CustomBuild Include="E:\prj\RESQML\fesapiEnv\fesapi\vs2017\CMakeFiles\3a4b30cb26d8b8fed907d509617ed36d\generate.stamp.rule">
      <Filter>CMake Rules</Filter>
    </CustomBuild>
  </ItemGroup>
  <ItemGroup>
    <Filter Include="CMake Rules">
      <UniqueIdentifier>{C9E8A170-1445-3560-9C7A-ADFB3E2ED40D}</UniqueIdentifier>
    </Filter>
  </ItemGroup>
</Project>
